
Microsoft Visual Studio Solution File, Format Version 12.00
# Visual Studio Version 17
VisualStudioVersion = 17.4.33213.308
MinimumVisualStudioVersion = 10.0.40219.1
Project("{FAE04EC0-301F-11D3-BF4B-00C04F79EFBC}") = "Aspnet_Core_Identity", "Aspnet_Core_Identity\Aspnet_Core_Identity.csproj", "{B2F67629-F044-4547-908B-7711A609140F}"
EndProject
Global
	GlobalSection(SolutionConfigurationPlatforms) = preSolution
		Debug|Any CPU = Debug|Any CPU
		Release|Any CPU = Release|Any CPU
	EndGlobalSection
	GlobalSection(ProjectConfigurationPlatforms) = postSolution
		{B2F67629-F044-4547-908B-7711A609140F}.Debug|Any CPU.ActiveCfg = Debug|Any CPU
		{B2F67629-F044-4547-908B-7711A609140F}.Debug|Any CPU.Build.0 = Debug|Any CPU
		{B2F67629-F044-4547-908B-7711A609140F}.Release|Any CPU.ActiveCfg = Release|Any CPU
		{B2F67629-F044-4547-908B-7711A609140F}.Release|Any CPU.Build.0 = Release|Any CPU
	EndGlobalSection
	GlobalSection(SolutionProperties) = preSolution
		HideSolutionNode = FALSE
	EndGlobalSection
	GlobalSection(ExtensibilityGlobals) = postSolution
		SolutionGuid = {35207EDF-213D-42BD-8DEE-09593F93B0D0}
	EndGlobalSection
EndGlobal
